{
  "version": 4,
  "terraform_version": "1.9.2",
  "serial": 25,
  "lineage": "cdc8d792-cd62-bec9-e5fc-c680ce53223f",
  "outputs": {
    "private_subnet_ids": {
      "value": [
        "subnet-03ebdfca8cf6cee5a",
        "subnet-02c5cd869a6548226"
      ],
      "type": [
        "tuple",
        [
          "string",
          "string"
        ]
      ]
    },
    "public_subnet_ids": {
      "value": [
        "subnet-0ac366c9c8928cc63",
        "subnet-0a9d87ec5ad026896"
      ],
      "type": [
        "tuple",
        [
          "string",
          "string"
        ]
      ]
    },
    "vpc_id": {
      "value": "vpc-003ada2a1e7757b83",
      "type": "string"
    }
  },
  "resources": [
    {
      "mode": "managed",
      "type": "aws_eip",
      "name": "this",
      "provider": "provider[\"registry.terraform.io/hashicorp/aws\"]",
      "instances": [
        {
          "schema_version": 0,
          "attributes": {
            "address": null,
            "allocation_id": "eipalloc-0a53e431bf24d798a",
            "arn": "arn:aws:ec2:us-east-1:654654554686:elastic-ip/eipalloc-0a53e431bf24d798a",
            "associate_with_private_ip": null,
            "association_id": "eipassoc-043114b5eab46a196",
            "carrier_ip": "",
            "customer_owned_ip": "",
            "customer_owned_ipv4_pool": "",
            "domain": "vpc",
            "id": "eipalloc-0a53e431bf24d798a",
            "instance": "",
            "ipam_pool_id": null,
            "network_border_group": "us-east-1",
            "network_interface": "eni-0db6453d778ae1241",
            "private_dns": "ip-10-0-0-25.ec2.internal",
            "private_ip": "10.0.0.25",
            "ptr_record": "",
            "public_dns": "ec2-34-237-134-15.compute-1.amazonaws.com",
            "public_ip": "34.237.134.15",
            "public_ipv4_pool": "amazon",
            "tags": {
              "Name": "devops-na-nuvem-week-vpc-nat-gateway-eip"
            },
            "tags_all": {
              "Environment": "production",
              "Name": "devops-na-nuvem-week-vpc-nat-gateway-eip",
              "Project": "devops-na-nuvem-week"
            },
            "timeouts": null,
            "vpc": true
          },
          "sensitive_attributes": [],
          "private": "eyJlMmJmYjczMC1lY2FhLTExZTYtOGY4OC0zNDM2M2JjN2M0YzAiOnsiZGVsZXRlIjoxODAwMDAwMDAwMDAsInJlYWQiOjkwMDAwMDAwMDAwMCwidXBkYXRlIjozMDAwMDAwMDAwMDB9fQ=="
        }
      ]
    },
    {
      "mode": "managed",
      "type": "aws_eks_cluster",
      "name": "this",
      "provider": "provider[\"registry.terraform.io/hashicorp/aws\"]",
      "instances": [
        {
          "schema_version": 1,
          "attributes": {
            "access_config": [
              {
                "authentication_mode": "API_AND_CONFIG_MAP",
                "bootstrap_cluster_creator_admin_permissions": false
              }
            ],
            "arn": "arn:aws:eks:us-east-1:654654554686:cluster/devops-na-nuvem-week-eks-cluster",
            "bootstrap_self_managed_addons": true,
            "certificate_authority": [
              {
                "data": "LS0tLS1CRUdJTiBDRVJUSUZJQ0FURS0tLS0tCk1JSURCVENDQWUyZ0F3SUJBZ0lJYk4yWTA3bDRHSG93RFFZSktvWklodmNOQVFFTEJRQXdGVEVUTUJFR0ExVUUKQXhNS2EzVmlaWEp1WlhSbGN6QWVGdzB5TlRBeU1EUXdNREl6TkRWYUZ3MHpOVEF5TURJd01ESTRORFZhTUJVeApFekFSQmdOVkJBTVRDbXQxWW1WeWJtVjBaWE13Z2dFaU1BMEdDU3FHU0liM0RRRUJBUVVBQTRJQkR3QXdnZ0VLCkFvSUJBUURJTFNIZWFEcjJtaThsQ3dUdmR6Y29SR3crZXNER3BoRm5aM3I5bkc3Q2o0TGg0RmY4am1mT3BsTkgKaGhNRnZpUFFpWERWdnVyV3Z1Y0E4RHREeGpRTHpyNkNhaW9vWlVIaEdLbUVRU2xqT0U2RlFFcHoweXNtN3I0aApOK3E1WmxLMzFWaFdhWlJXZ3FTdWZ4RGZwcG5Vb1lZR0NpdllHMi9VZGZJS0Jpcm5oMXB2c3ErZUJuVEFtTU5ECkxNUjlYU3ZNRVg3MEhLYlVOSU5GaGFKQjIzMUF6MmJBNjJzSFVXSDhvM2dVaXFvTkxDQTAvQ0NCbkF4Y3l2Q3QKdFNaaENJN3RDL2NDNVZsVjRYcE1PcC9pa1hteGpOTVp0dXVZeDlaTlVJZjl5V1dGNk43NmZWVGplVTJNTEdMSQpOUTVhazNKR0dQZ2ZVMm5IMmlmVUNXZEttcUNOQWdNQkFBR2pXVEJYTUE0R0ExVWREd0VCL3dRRUF3SUNwREFQCkJnTlZIUk1CQWY4RUJUQURBUUgvTUIwR0ExVWREZ1FXQkJUZnRUT0Ezd3NReERUMHpzQjlzeEk3QXdESHJqQVYKQmdOVkhSRUVEakFNZ2dwcmRXSmxjbTVsZEdWek1BMEdDU3FHU0liM0RRRUJDd1VBQTRJQkFRQ2NreDFMVzZlMApaaWdHNENBQUFnNTRVcFVKVVhXcmdNd0tmWmdhZUtOSHdQZ3phUWsrVnU5TVMvSXhwWVc0Vjk1MjZ5SlNlMm1OCkFFMkhBelJtV0xxblNaakFYK0l2aTNWVm5pdDNlS0JiM0tFN1dpUnl3UWlhRTB0ZmxJSGVrek4yT1Vsa3hoK0cKSHRoYXpJMVB5eS9YUzBiMWJlRlJ6Z2lxa0dPaEZRVmdkclI4UnVCWEF1RWF0Q3YzNVR2VFBQUFAyVmMzdnhvTQpzS255bVhLYnQzNC83cUc5ZWxQcGlwOG9oMENTeEtTWXpiTmRqS1h1cUpyeTRaSVNkRThpT0JZREVIUDZXaWN5CmREL1dvYUVYSU1yWHFBWmRTb2MrM2JiRFBzU3NnMzFBUzZLL3U1WElqbXRQbGdoaGRrb3lTc3RndWVrMWJudk0KQlBaeE5TM1BRZTh4Ci0tLS0tRU5EIENFUlRJRklDQVRFLS0tLS0K"
              }
            ],
            "cluster_id": null,
            "compute_config": [],
            "created_at": "2025-02-04T00:23:42Z",
            "enabled_cluster_log_types": [
              "api",
              "audit",
              "authenticator",
              "controllerManager",
              "scheduler"
            ],
            "encryption_config": [],
            "endpoint": "https://94D3D622609886DA0B9D555DA90F31A1.gr7.us-east-1.eks.amazonaws.com",
            "id": "devops-na-nuvem-week-eks-cluster",
            "identity": [
              {
                "oidc": [
                  {
                    "issuer": "https://oidc.eks.us-east-1.amazonaws.com/id/94D3D622609886DA0B9D555DA90F31A1"
                  }
                ]
              }
            ],
            "kubernetes_network_config": [
              {
                "elastic_load_balancing": [
                  {
                    "enabled": false
                  }
                ],
                "ip_family": "ipv4",
                "service_ipv4_cidr": "172.20.0.0/16",
                "service_ipv6_cidr": ""
              }
            ],
            "name": "devops-na-nuvem-week-eks-cluster",
            "outpost_config": [],
            "platform_version": "eks.18",
            "remote_network_config": [],
            "role_arn": "arn:aws:iam::654654554686:role/DevOpsNaNuvemWeekEksClusterRole-06",
            "status": "ACTIVE",
            "storage_config": [],
            "tags": null,
            "tags_all": {
              "Environment": "production",
              "Project": "devops-na-nuvem-week"
            },
            "timeouts": null,
            "upgrade_policy": [
              {
                "support_type": "EXTENDED"
              }
            ],
            "version": "1.31",
            "vpc_config": [
              {
                "cluster_security_group_id": "sg-09da8831925a4e0af",
                "endpoint_private_access": false,
                "endpoint_public_access": true,
                "public_access_cidrs": [
                  "0.0.0.0/0"
                ],
                "security_group_ids": null,
                "subnet_ids": [
                  "subnet-02c5cd869a6548226",
                  "subnet-03ebdfca8cf6cee5a"
                ],
                "vpc_id": "vpc-003ada2a1e7757b83"
              }
            ],
            "zonal_shift_config": []
          },
          "sensitive_attributes": [],
          "private": "eyJlMmJmYjczMC1lY2FhLTExZTYtOGY4OC0zNDM2M2JjN2M0YzAiOnsiY3JlYXRlIjoxODAwMDAwMDAwMDAwLCJkZWxldGUiOjkwMDAwMDAwMDAwMCwidXBkYXRlIjozNjAwMDAwMDAwMDAwfSwic2NoZW1hX3ZlcnNpb24iOiIxIn0=",
          "dependencies": [
            "aws_iam_role.eks_cluster",
            "aws_iam_role_policy_attachment.eks_cluster_cluster_policy",
            "aws_subnet.private",
            "aws_vpc.this"
          ]
        }
      ]
    },
    {
      "mode": "managed",
      "type": "aws_eks_node_group",
      "name": "this",
      "provider": "provider[\"registry.terraform.io/hashicorp/aws\"]",
      "instances": [
        {
          "schema_version": 0,
          "attributes": {
            "ami_type": "AL2023_x86_64_STANDARD",
            "arn": "arn:aws:eks:us-east-1:654654554686:nodegroup/devops-na-nuvem-week-eks-cluster/devops-na-nuvem-week-eks-node-group/f6ca672f-1349-95fc-bbea-0e4512f8c440",
            "capacity_type": "ON_DEMAND",
            "cluster_name": "devops-na-nuvem-week-eks-cluster",
            "disk_size": 20,
            "force_update_version": null,
            "id": "devops-na-nuvem-week-eks-cluster:devops-na-nuvem-week-eks-node-group",
            "instance_types": [
              "t3.medium"
            ],
            "labels": null,
            "launch_template": [],
            "node_group_name": "devops-na-nuvem-week-eks-node-group",
            "node_group_name_prefix": "",
            "node_repair_config": [],
            "node_role_arn": "arn:aws:iam::654654554686:role/DevOpsNaNuvemWeekEksClusterNodeGroupRole-06",
            "release_version": "1.31.4-20250123",
            "remote_access": [],
            "resources": [
              {
                "autoscaling_groups": [
                  {
                    "name": "eks-devops-na-nuvem-week-eks-node-group-f6ca672f-1349-95fc-bbea-0e4512f8c440"
                  }
                ],
                "remote_access_security_group_id": ""
              }
            ],
            "scaling_config": [
              {
                "desired_size": 2,
                "max_size": 2,
                "min_size": 2
              }
            ],
            "status": "ACTIVE",
            "subnet_ids": [
              "subnet-02c5cd869a6548226",
              "subnet-03ebdfca8cf6cee5a"
            ],
            "tags": null,
            "tags_all": {
              "Environment": "production",
              "Project": "devops-na-nuvem-week"
            },
            "taint": [],
            "timeouts": null,
            "update_config": [
              {
                "max_unavailable": 1,
                "max_unavailable_percentage": 0
              }
            ],
            "version": "1.31"
          },
          "sensitive_attributes": [],
          "private": "eyJlMmJmYjczMC1lY2FhLTExZTYtOGY4OC0zNDM2M2JjN2M0YzAiOnsiY3JlYXRlIjozNjAwMDAwMDAwMDAwLCJkZWxldGUiOjM2MDAwMDAwMDAwMDAsInVwZGF0ZSI6MzYwMDAwMDAwMDAwMH19",
          "dependencies": [
            "aws_eks_cluster.this",
            "aws_iam_role.eks_cluster",
            "aws_iam_role.eks_cluster_node_group",
            "aws_iam_role_policy_attachment.eks_cluster_cluster_policy",
            "aws_iam_role_policy_attachment.eks_cluster_node_group_AmazonEC2ContainerRegistryReadOnly",
            "aws_iam_role_policy_attachment.eks_cluster_node_group_AmazonEKSWorkerNodePolicy",
            "aws_iam_role_policy_attachment.eks_cluster_node_group_AmazonEKS_CNI_Policy",
            "aws_subnet.private",
            "aws_vpc.this"
          ]
        }
      ]
    },
    {
      "mode": "managed",
      "type": "aws_iam_role",
      "name": "eks_cluster",
      "provider": "provider[\"registry.terraform.io/hashicorp/aws\"]",
      "instances": [
        {
          "schema_version": 0,
          "attributes": {
            "arn": "arn:aws:iam::654654554686:role/DevOpsNaNuvemWeekEksClusterRole-06",
            "assume_role_policy": "{\"Statement\":[{\"Action\":[\"sts:AssumeRole\"],\"Effect\":\"Allow\",\"Principal\":{\"Service\":\"eks.amazonaws.com\"}}],\"Version\":\"2012-10-17\"}",
            "create_date": "2025-02-04T00:23:37Z",
            "description": "",
            "force_detach_policies": false,
            "id": "DevOpsNaNuvemWeekEksClusterRole-06",
            "inline_policy": [],
            "managed_policy_arns": [],
            "max_session_duration": 3600,
            "name": "DevOpsNaNuvemWeekEksClusterRole-06",
            "name_prefix": "",
            "path": "/",
            "permissions_boundary": "",
            "tags": null,
            "tags_all": {
              "Environment": "production",
              "Project": "devops-na-nuvem-week"
            },
            "unique_id": "AROAZQ3DTYI7H2S67VGSV"
          },
          "sensitive_attributes": [],
          "private": "bnVsbA=="
        }
      ]
    },
    {
      "mode": "managed",
      "type": "aws_iam_role",
      "name": "eks_cluster_node_group",
      "provider": "provider[\"registry.terraform.io/hashicorp/aws\"]",
      "instances": [
        {
          "schema_version": 0,
          "attributes": {
            "arn": "arn:aws:iam::654654554686:role/DevOpsNaNuvemWeekEksClusterNodeGroupRole-06",
            "assume_role_policy": "{\"Statement\":[{\"Action\":\"sts:AssumeRole\",\"Effect\":\"Allow\",\"Principal\":{\"Service\":\"ec2.amazonaws.com\"}}],\"Version\":\"2012-10-17\"}",
            "create_date": "2025-02-04T00:23:37Z",
            "description": "",
            "force_detach_policies": false,
            "id": "DevOpsNaNuvemWeekEksClusterNodeGroupRole-06",
            "inline_policy": [],
            "managed_policy_arns": [],
            "max_session_duration": 3600,
            "name": "DevOpsNaNuvemWeekEksClusterNodeGroupRole-06",
            "name_prefix": "",
            "path": "/",
            "permissions_boundary": "",
            "tags": null,
            "tags_all": {
              "Environment": "production",
              "Project": "devops-na-nuvem-week"
            },
            "unique_id": "AROAZQ3DTYI7BCTMONGXM"
          },
          "sensitive_attributes": [],
          "private": "bnVsbA=="
        }
      ]
    },
    {
      "mode": "managed",
      "type": "aws_iam_role_policy_attachment",
      "name": "eks_cluster_cluster_policy",
      "provider": "provider[\"registry.terraform.io/hashicorp/aws\"]",
      "instances": [
        {
          "schema_version": 0,
          "attributes": {
            "id": "DevOpsNaNuvemWeekEksClusterRole-06-20250204002337136400000001",
            "policy_arn": "arn:aws:iam::aws:policy/AmazonEKSClusterPolicy",
            "role": "DevOpsNaNuvemWeekEksClusterRole-06"
          },
          "sensitive_attributes": [],
          "private": "bnVsbA==",
          "dependencies": [
            "aws_iam_role.eks_cluster"
          ]
        }
      ]
    },
    {
      "mode": "managed",
      "type": "aws_iam_role_policy_attachment",
      "name": "eks_cluster_node_group_AmazonEC2ContainerRegistryReadOnly",
      "provider": "provider[\"registry.terraform.io/hashicorp/aws\"]",
      "instances": [
        {
          "schema_version": 0,
          "attributes": {
            "id": "DevOpsNaNuvemWeekEksClusterNodeGroupRole-06-20250204002337443200000004",
            "policy_arn": "arn:aws:iam::aws:policy/AmazonEC2ContainerRegistryReadOnly",
            "role": "DevOpsNaNuvemWeekEksClusterNodeGroupRole-06"
          },
          "sensitive_attributes": [],
          "private": "bnVsbA==",
          "dependencies": [
            "aws_iam_role.eks_cluster_node_group"
          ]
        }
      ]
    },
    {
      "mode": "managed",
      "type": "aws_iam_role_policy_attachment",
      "name": "eks_cluster_node_group_AmazonEKSWorkerNodePolicy",
      "provider": "provider[\"registry.terraform.io/hashicorp/aws\"]",
      "instances": [
        {
          "schema_version": 0,
          "attributes": {
            "id": "DevOpsNaNuvemWeekEksClusterNodeGroupRole-06-20250204002337170900000002",
            "policy_arn": "arn:aws:iam::aws:policy/AmazonEKSWorkerNodePolicy",
            "role": "DevOpsNaNuvemWeekEksClusterNodeGroupRole-06"
          },
          "sensitive_attributes": [],
          "private": "bnVsbA==",
          "dependencies": [
            "aws_iam_role.eks_cluster_node_group"
          ]
        }
      ]
    },
    {
      "mode": "managed",
      "type": "aws_iam_role_policy_attachment",
      "name": "eks_cluster_node_group_AmazonEKS_CNI_Policy",
      "provider": "provider[\"registry.terraform.io/hashicorp/aws\"]",
      "instances": [
        {
          "schema_version": 0,
          "attributes": {
            "id": "DevOpsNaNuvemWeekEksClusterNodeGroupRole-06-20250204002337331900000003",
            "policy_arn": "arn:aws:iam::aws:policy/AmazonEKS_CNI_Policy",
            "role": "DevOpsNaNuvemWeekEksClusterNodeGroupRole-06"
          },
          "sensitive_attributes": [],
          "private": "bnVsbA==",
          "dependencies": [
            "aws_iam_role.eks_cluster_node_group"
          ]
        }
      ]
    },
    {
      "mode": "managed",
      "type": "aws_internet_gateway",
      "name": "this",
      "provider": "provider[\"registry.terraform.io/hashicorp/aws\"]",
      "instances": [
        {
          "schema_version": 0,
          "attributes": {
            "arn": "arn:aws:ec2:us-east-1:654654554686:internet-gateway/igw-05356513182ecedae",
            "id": "igw-05356513182ecedae",
            "owner_id": "654654554686",
            "tags": {
              "Name": "devops-na-nuvem-week-vpc-internet-gateway"
            },
            "tags_all": {
              "Environment": "production",
              "Name": "devops-na-nuvem-week-vpc-internet-gateway",
              "Project": "devops-na-nuvem-week"
            },
            "timeouts": null,
            "vpc_id": "vpc-003ada2a1e7757b83"
          },
          "sensitive_attributes": [],
          "private": "eyJlMmJmYjczMC1lY2FhLTExZTYtOGY4OC0zNDM2M2JjN2M0YzAiOnsiY3JlYXRlIjoxMjAwMDAwMDAwMDAwLCJkZWxldGUiOjEyMDAwMDAwMDAwMDAsInVwZGF0ZSI6MTIwMDAwMDAwMDAwMH19",
          "dependencies": [
            "aws_vpc.this"
          ]
        }
      ]
    },
    {
      "mode": "managed",
      "type": "aws_nat_gateway",
      "name": "this",
      "provider": "provider[\"registry.terraform.io/hashicorp/aws\"]",
      "instances": [
        {
          "schema_version": 0,
          "attributes": {
            "allocation_id": "eipalloc-0a53e431bf24d798a",
            "association_id": "eipassoc-043114b5eab46a196",
            "connectivity_type": "public",
            "id": "nat-0b9fe2d4e7fd75c03",
            "network_interface_id": "eni-0db6453d778ae1241",
            "private_ip": "10.0.0.25",
            "public_ip": "34.237.134.15",
            "secondary_allocation_ids": [],
            "secondary_private_ip_address_count": 0,
            "secondary_private_ip_addresses": [],
            "subnet_id": "subnet-0ac366c9c8928cc63",
            "tags": {
              "Name": "devops-na-nuvem-week-vpc-nat-gateway"
            },
            "tags_all": {
              "Environment": "production",
              "Name": "devops-na-nuvem-week-vpc-nat-gateway",
              "Project": "devops-na-nuvem-week"
            },
            "timeouts": null
          },
          "sensitive_attributes": [],
          "private": "eyJlMmJmYjczMC1lY2FhLTExZTYtOGY4OC0zNDM2M2JjN2M0YzAiOnsiY3JlYXRlIjo2MDAwMDAwMDAwMDAsImRlbGV0ZSI6MTgwMDAwMDAwMDAwMCwidXBkYXRlIjo2MDAwMDAwMDAwMDB9fQ==",
          "dependencies": [
            "aws_eip.this",
            "aws_internet_gateway.this",
            "aws_subnet.public",
            "aws_vpc.this"
          ]
        }
      ]
    },
    {
      "mode": "managed",
      "type": "aws_route_table",
      "name": "private",
      "provider": "provider[\"registry.terraform.io/hashicorp/aws\"]",
      "instances": [
        {
          "schema_version": 0,
          "attributes": {
            "arn": "arn:aws:ec2:us-east-1:654654554686:route-table/rtb-06793a12152160cc1",
            "id": "rtb-06793a12152160cc1",
            "owner_id": "654654554686",
            "propagating_vgws": [],
            "route": [
              {
                "carrier_gateway_id": "",
                "cidr_block": "0.0.0.0/0",
                "core_network_arn": "",
                "destination_prefix_list_id": "",
                "egress_only_gateway_id": "",
                "gateway_id": "nat-0b9fe2d4e7fd75c03",
                "ipv6_cidr_block": "",
                "local_gateway_id": "",
                "nat_gateway_id": "",
                "network_interface_id": "",
                "transit_gateway_id": "",
                "vpc_endpoint_id": "",
                "vpc_peering_connection_id": ""
              }
            ],
            "tags": {
              "Name": "devops-na-nuvem-week-vpc-private-route-table"
            },
            "tags_all": {
              "Environment": "production",
              "Name": "devops-na-nuvem-week-vpc-private-route-table",
              "Project": "devops-na-nuvem-week"
            },
            "timeouts": null,
            "vpc_id": "vpc-003ada2a1e7757b83"
          },
          "sensitive_attributes": [],
          "private": "eyJlMmJmYjczMC1lY2FhLTExZTYtOGY4OC0zNDM2M2JjN2M0YzAiOnsiY3JlYXRlIjozMDAwMDAwMDAwMDAsImRlbGV0ZSI6MzAwMDAwMDAwMDAwLCJ1cGRhdGUiOjEyMDAwMDAwMDAwMH19",
          "dependencies": [
            "aws_eip.this",
            "aws_internet_gateway.this",
            "aws_nat_gateway.this",
            "aws_subnet.public",
            "aws_vpc.this"
          ]
        }
      ]
    },
    {
      "mode": "managed",
      "type": "aws_route_table",
      "name": "public",
      "provider": "provider[\"registry.terraform.io/hashicorp/aws\"]",
      "instances": [
        {
          "schema_version": 0,
          "attributes": {
            "arn": "arn:aws:ec2:us-east-1:654654554686:route-table/rtb-09f8ff664f7d1717b",
            "id": "rtb-09f8ff664f7d1717b",
            "owner_id": "654654554686",
            "propagating_vgws": [],
            "route": [
              {
                "carrier_gateway_id": "",
                "cidr_block": "0.0.0.0/0",
                "core_network_arn": "",
                "destination_prefix_list_id": "",
                "egress_only_gateway_id": "",
                "gateway_id": "igw-05356513182ecedae",
                "ipv6_cidr_block": "",
                "local_gateway_id": "",
                "nat_gateway_id": "",
                "network_interface_id": "",
                "transit_gateway_id": "",
                "vpc_endpoint_id": "",
                "vpc_peering_connection_id": ""
              }
            ],
            "tags": {
              "Name": "devops-na-nuvem-week-vpc-public-route-table"
            },
            "tags_all": {
              "Environment": "production",
              "Name": "devops-na-nuvem-week-vpc-public-route-table",
              "Project": "devops-na-nuvem-week"
            },
            "timeouts": null,
            "vpc_id": "vpc-003ada2a1e7757b83"
          },
          "sensitive_attributes": [],
          "private": "eyJlMmJmYjczMC1lY2FhLTExZTYtOGY4OC0zNDM2M2JjN2M0YzAiOnsiY3JlYXRlIjozMDAwMDAwMDAwMDAsImRlbGV0ZSI6MzAwMDAwMDAwMDAwLCJ1cGRhdGUiOjEyMDAwMDAwMDAwMH19",
          "dependencies": [
            "aws_internet_gateway.this",
            "aws_vpc.this"
          ]
        }
      ]
    },
    {
      "mode": "managed",
      "type": "aws_route_table_association",
      "name": "private",
      "provider": "provider[\"registry.terraform.io/hashicorp/aws\"]",
      "instances": [
        {
          "index_key": 0,
          "schema_version": 0,
          "attributes": {
            "gateway_id": "",
            "id": "rtbassoc-0e575af124dee406f",
            "route_table_id": "rtb-06793a12152160cc1",
            "subnet_id": "subnet-03ebdfca8cf6cee5a",
            "timeouts": null
          },
          "sensitive_attributes": [],
          "private": "eyJlMmJmYjczMC1lY2FhLTExZTYtOGY4OC0zNDM2M2JjN2M0YzAiOnsiY3JlYXRlIjozMDAwMDAwMDAwMDAsImRlbGV0ZSI6MzAwMDAwMDAwMDAwLCJ1cGRhdGUiOjEyMDAwMDAwMDAwMH19",
          "dependencies": [
            "aws_eip.this",
            "aws_internet_gateway.this",
            "aws_nat_gateway.this",
            "aws_route_table.private",
            "aws_subnet.private",
            "aws_subnet.public",
            "aws_vpc.this"
          ]
        },
        {
          "index_key": 1,
          "schema_version": 0,
          "attributes": {
            "gateway_id": "",
            "id": "rtbassoc-059ee1a6d1c00cd10",
            "route_table_id": "rtb-06793a12152160cc1",
            "subnet_id": "subnet-02c5cd869a6548226",
            "timeouts": null
          },
          "sensitive_attributes": [],
          "private": "eyJlMmJmYjczMC1lY2FhLTExZTYtOGY4OC0zNDM2M2JjN2M0YzAiOnsiY3JlYXRlIjozMDAwMDAwMDAwMDAsImRlbGV0ZSI6MzAwMDAwMDAwMDAwLCJ1cGRhdGUiOjEyMDAwMDAwMDAwMH19",
          "dependencies": [
            "aws_eip.this",
            "aws_internet_gateway.this",
            "aws_nat_gateway.this",
            "aws_route_table.private",
            "aws_subnet.private",
            "aws_subnet.public",
            "aws_vpc.this"
          ]
        }
      ]
    },
    {
      "mode": "managed",
      "type": "aws_route_table_association",
      "name": "public",
      "provider": "provider[\"registry.terraform.io/hashicorp/aws\"]",
      "instances": [
        {
          "index_key": 0,
          "schema_version": 0,
          "attributes": {
            "gateway_id": "",
            "id": "rtbassoc-0931830a8584ae51e",
            "route_table_id": "rtb-09f8ff664f7d1717b",
            "subnet_id": "subnet-0ac366c9c8928cc63",
            "timeouts": null
          },
          "sensitive_attributes": [],
          "private": "eyJlMmJmYjczMC1lY2FhLTExZTYtOGY4OC0zNDM2M2JjN2M0YzAiOnsiY3JlYXRlIjozMDAwMDAwMDAwMDAsImRlbGV0ZSI6MzAwMDAwMDAwMDAwLCJ1cGRhdGUiOjEyMDAwMDAwMDAwMH19",
          "dependencies": [
            "aws_internet_gateway.this",
            "aws_route_table.public",
            "aws_subnet.public",
            "aws_vpc.this"
          ]
        },
        {
          "index_key": 1,
          "schema_version": 0,
          "attributes": {
            "gateway_id": "",
            "id": "rtbassoc-0a1d636e4292dfc8a",
            "route_table_id": "rtb-09f8ff664f7d1717b",
            "subnet_id": "subnet-0a9d87ec5ad026896",
            "timeouts": null
          },
          "sensitive_attributes": [],
          "private": "eyJlMmJmYjczMC1lY2FhLTExZTYtOGY4OC0zNDM2M2JjN2M0YzAiOnsiY3JlYXRlIjozMDAwMDAwMDAwMDAsImRlbGV0ZSI6MzAwMDAwMDAwMDAwLCJ1cGRhdGUiOjEyMDAwMDAwMDAwMH19",
          "dependencies": [
            "aws_internet_gateway.this",
            "aws_route_table.public",
            "aws_subnet.public",
            "aws_vpc.this"
          ]
        }
      ]
    },
    {
      "mode": "managed",
      "type": "aws_subnet",
      "name": "private",
      "provider": "provider[\"registry.terraform.io/hashicorp/aws\"]",
      "instances": [
        {
          "index_key": 0,
          "schema_version": 1,
          "attributes": {
            "arn": "arn:aws:ec2:us-east-1:654654554686:subnet/subnet-03ebdfca8cf6cee5a",
            "assign_ipv6_address_on_creation": false,
            "availability_zone": "us-east-1a",
            "availability_zone_id": "use1-az2",
            "cidr_block": "10.0.0.128/26",
            "customer_owned_ipv4_pool": "",
            "enable_dns64": false,
            "enable_lni_at_device_index": 0,
            "enable_resource_name_dns_a_record_on_launch": false,
            "enable_resource_name_dns_aaaa_record_on_launch": false,
            "id": "subnet-03ebdfca8cf6cee5a",
            "ipv6_cidr_block": "",
            "ipv6_cidr_block_association_id": "",
            "ipv6_native": false,
            "map_customer_owned_ip_on_launch": false,
            "map_public_ip_on_launch": false,
            "outpost_arn": "",
            "owner_id": "654654554686",
            "private_dns_hostname_type_on_launch": "ip-name",
            "tags": {
              "Name": "devops-na-nuvem-week-vpc-private-subnet-us-east-1a"
            },
            "tags_all": {
              "Environment": "production",
              "Name": "devops-na-nuvem-week-vpc-private-subnet-us-east-1a",
              "Project": "devops-na-nuvem-week"
            },
            "timeouts": null,
            "vpc_id": "vpc-003ada2a1e7757b83"
          },
          "sensitive_attributes": [],
          "private": "eyJlMmJmYjczMC1lY2FhLTExZTYtOGY4OC0zNDM2M2JjN2M0YzAiOnsiY3JlYXRlIjo2MDAwMDAwMDAwMDAsImRlbGV0ZSI6MTIwMDAwMDAwMDAwMH0sInNjaGVtYV92ZXJzaW9uIjoiMSJ9",
          "dependencies": [
            "aws_vpc.this"
          ]
        },
        {
          "index_key": 1,
          "schema_version": 1,
          "attributes": {
            "arn": "arn:aws:ec2:us-east-1:654654554686:subnet/subnet-02c5cd869a6548226",
            "assign_ipv6_address_on_creation": false,
            "availability_zone": "us-east-1b",
            "availability_zone_id": "use1-az4",
            "cidr_block": "10.0.0.192/26",
            "customer_owned_ipv4_pool": "",
            "enable_dns64": false,
            "enable_lni_at_device_index": 0,
            "enable_resource_name_dns_a_record_on_launch": false,
            "enable_resource_name_dns_aaaa_record_on_launch": false,
            "id": "subnet-02c5cd869a6548226",
            "ipv6_cidr_block": "",
            "ipv6_cidr_block_association_id": "",
            "ipv6_native": false,
            "map_customer_owned_ip_on_launch": false,
            "map_public_ip_on_launch": false,
            "outpost_arn": "",
            "owner_id": "654654554686",
            "private_dns_hostname_type_on_launch": "ip-name",
            "tags": {
              "Name": "devops-na-nuvem-week-vpc-private-subnet-us-east-1b"
            },
            "tags_all": {
              "Environment": "production",
              "Name": "devops-na-nuvem-week-vpc-private-subnet-us-east-1b",
              "Project": "devops-na-nuvem-week"
            },
            "timeouts": null,
            "vpc_id": "vpc-003ada2a1e7757b83"
          },
          "sensitive_attributes": [],
          "private": "eyJlMmJmYjczMC1lY2FhLTExZTYtOGY4OC0zNDM2M2JjN2M0YzAiOnsiY3JlYXRlIjo2MDAwMDAwMDAwMDAsImRlbGV0ZSI6MTIwMDAwMDAwMDAwMH0sInNjaGVtYV92ZXJzaW9uIjoiMSJ9",
          "dependencies": [
            "aws_vpc.this"
          ]
        }
      ]
    },
    {
      "mode": "managed",
      "type": "aws_subnet",
      "name": "public",
      "provider": "provider[\"registry.terraform.io/hashicorp/aws\"]",
      "instances": [
        {
          "index_key": 0,
          "schema_version": 1,
          "attributes": {
            "arn": "arn:aws:ec2:us-east-1:654654554686:subnet/subnet-0ac366c9c8928cc63",
            "assign_ipv6_address_on_creation": false,
            "availability_zone": "us-east-1a",
            "availability_zone_id": "use1-az2",
            "cidr_block": "10.0.0.0/26",
            "customer_owned_ipv4_pool": "",
            "enable_dns64": false,
            "enable_lni_at_device_index": 0,
            "enable_resource_name_dns_a_record_on_launch": false,
            "enable_resource_name_dns_aaaa_record_on_launch": false,
            "id": "subnet-0ac366c9c8928cc63",
            "ipv6_cidr_block": "",
            "ipv6_cidr_block_association_id": "",
            "ipv6_native": false,
            "map_customer_owned_ip_on_launch": false,
            "map_public_ip_on_launch": true,
            "outpost_arn": "",
            "owner_id": "654654554686",
            "private_dns_hostname_type_on_launch": "ip-name",
            "tags": {
              "Name": "devops-na-nuvem-week-vpc-public-subnet-us-east-1a"
            },
            "tags_all": {
              "Environment": "production",
              "Name": "devops-na-nuvem-week-vpc-public-subnet-us-east-1a",
              "Project": "devops-na-nuvem-week"
            },
            "timeouts": null,
            "vpc_id": "vpc-003ada2a1e7757b83"
          },
          "sensitive_attributes": [],
          "private": "eyJlMmJmYjczMC1lY2FhLTExZTYtOGY4OC0zNDM2M2JjN2M0YzAiOnsiY3JlYXRlIjo2MDAwMDAwMDAwMDAsImRlbGV0ZSI6MTIwMDAwMDAwMDAwMH0sInNjaGVtYV92ZXJzaW9uIjoiMSJ9",
          "dependencies": [
            "aws_vpc.this"
          ]
        },
        {
          "index_key": 1,
          "schema_version": 1,
          "attributes": {
            "arn": "arn:aws:ec2:us-east-1:654654554686:subnet/subnet-0a9d87ec5ad026896",
            "assign_ipv6_address_on_creation": false,
            "availability_zone": "us-east-1b",
            "availability_zone_id": "use1-az4",
            "cidr_block": "10.0.0.64/26",
            "customer_owned_ipv4_pool": "",
            "enable_dns64": false,
            "enable_lni_at_device_index": 0,
            "enable_resource_name_dns_a_record_on_launch": false,
            "enable_resource_name_dns_aaaa_record_on_launch": false,
            "id": "subnet-0a9d87ec5ad026896",
            "ipv6_cidr_block": "",
            "ipv6_cidr_block_association_id": "",
            "ipv6_native": false,
            "map_customer_owned_ip_on_launch": false,
            "map_public_ip_on_launch": true,
            "outpost_arn": "",
            "owner_id": "654654554686",
            "private_dns_hostname_type_on_launch": "ip-name",
            "tags": {
              "Name": "devops-na-nuvem-week-vpc-public-subnet-us-east-1b"
            },
            "tags_all": {
              "Environment": "production",
              "Name": "devops-na-nuvem-week-vpc-public-subnet-us-east-1b",
              "Project": "devops-na-nuvem-week"
            },
            "timeouts": null,
            "vpc_id": "vpc-003ada2a1e7757b83"
          },
          "sensitive_attributes": [],
          "private": "eyJlMmJmYjczMC1lY2FhLTExZTYtOGY4OC0zNDM2M2JjN2M0YzAiOnsiY3JlYXRlIjo2MDAwMDAwMDAwMDAsImRlbGV0ZSI6MTIwMDAwMDAwMDAwMH0sInNjaGVtYV92ZXJzaW9uIjoiMSJ9",
          "dependencies": [
            "aws_vpc.this"
          ]
        }
      ]
    },
    {
      "mode": "managed",
      "type": "aws_vpc",
      "name": "this",
      "provider": "provider[\"registry.terraform.io/hashicorp/aws\"]",
      "instances": [
        {
          "schema_version": 1,
          "attributes": {
            "arn": "arn:aws:ec2:us-east-1:654654554686:vpc/vpc-003ada2a1e7757b83",
            "assign_generated_ipv6_cidr_block": false,
            "cidr_block": "10.0.0.0/24",
            "default_network_acl_id": "acl-0f36291e1eb9109e1",
            "default_route_table_id": "rtb-087937797fa3f2cd4",
            "default_security_group_id": "sg-0c64b9fb0c12f140f",
            "dhcp_options_id": "dopt-0f66840db750670cb",
            "enable_dns_hostnames": false,
            "enable_dns_support": true,
            "enable_network_address_usage_metrics": false,
            "id": "vpc-003ada2a1e7757b83",
            "instance_tenancy": "default",
            "ipv4_ipam_pool_id": null,
            "ipv4_netmask_length": null,
            "ipv6_association_id": "",
            "ipv6_cidr_block": "",
            "ipv6_cidr_block_network_border_group": "",
            "ipv6_ipam_pool_id": "",
            "ipv6_netmask_length": 0,
            "main_route_table_id": "rtb-087937797fa3f2cd4",
            "owner_id": "654654554686",
            "tags": {
              "Name": "devops-na-nuvem-week-vpc"
            },
            "tags_all": {
              "Environment": "production",
              "Name": "devops-na-nuvem-week-vpc",
              "Project": "devops-na-nuvem-week"
            }
          },
          "sensitive_attributes": [],
          "private": "eyJzY2hlbWFfdmVyc2lvbiI6IjEifQ=="
        }
      ]
    }
  ],
  "check_results": null
}
